
Microsoft Visual Studio Solution File, Format Version 12.00
# Visual Studio Version 16
VisualStudioVersion = 16.0.29728.190
MinimumVisualStudioVersion = 10.0.40219.1
Project("{8BC9CEB8-8B4A-11D0-8D11-00A0C91BC942}") = "Zadanie 4.1", "Zadanie 4.1.vcxproj", "{D6E9DA6A-895C-4BD2-B08B-34FE7C072DCA}"
EndProject
Global
	GlobalSection(SolutionConfigurationPlatforms) = preSolution
		Debug|x64 = Debug|x64
		Debug|x86 = Debug|x86
		Release|x64 = Release|x64
		Release|x86 = Release|x86
	EndGlobalSection
	GlobalSection(ProjectConfigurationPlatforms) = postSolution
		{D6E9DA6A-895C-4BD2-B08B-34FE7C072DCA}.Debug|x64.ActiveCfg = Debug|x64
		{D6E9DA6A-895C-4BD2-B08B-34FE7C072DCA}.Debug|x64.Build.0 = Debug|x64
		{D6E9DA6A-895C-4BD2-B08B-34FE7C072DCA}.Debug|x86.ActiveCfg = Debug|Win32
		{D6E9DA6A-895C-4BD2-B08B-34FE7C072DCA}.Debug|x86.Build.0 = Debug|Win32
		{D6E9DA6A-895C-4BD2-B08B-34FE7C072DCA}.Release|x64.ActiveCfg = Release|x64
		{D6E9DA6A-895C-4BD2-B08B-34FE7C072DCA}.Release|x64.Build.0 = Release|x64
		{D6E9DA6A-895C-4BD2-B08B-34FE7C072DCA}.Release|x86.ActiveCfg = Release|Win32
		{D6E9DA6A-895C-4BD2-B08B-34FE7C072DCA}.Release|x86.Build.0 = Release|Win32
	EndGlobalSection
	GlobalSection(SolutionProperties) = preSolution
		HideSolutionNode = FALSE
	EndGlobalSection
	GlobalSection(ExtensibilityGlobals) = postSolution
		SolutionGuid = {DC00445F-55CF-4062-B01A-6B3E447ACE66}
	EndGlobalSection
EndGlobal
